
Microsoft Visual Studio Solution File, Format Version 12.00
# Visual Studio 15
VisualStudioVersion = 15.0.27703.2042
MinimumVisualStudioVersion = 10.0.40219.1
Project("{FAE04EC0-301F-11D3-BF4B-00C04F79EFBC}") = "FileSlynchy", "FileSlynchy.csproj", "{60C70AF0-E045-4D8B-8495-54DBD7DA9516}"
EndProject
Global
	GlobalSection(SolutionConfigurationPlatforms) = preSolution
		Debug|Any CPU = Debug|Any CPU
		Release|Any CPU = Release|Any CPU
	EndGlobalSection
	GlobalSection(ProjectConfigurationPlatforms) = postSolution
		{60C70AF0-E045-4D8B-8495-54DBD7DA9516}.Debug|Any CPU.ActiveCfg = Debug|Any CPU
		{60C70AF0-E045-4D8B-8495-54DBD7DA9516}.Debug|Any CPU.Build.0 = Debug|Any CPU
		{60C70AF0-E045-4D8B-8495-54DBD7DA9516}.Release|Any CPU.ActiveCfg = Release|Any CPU
		{60C70AF0-E045-4D8B-8495-54DBD7DA9516}.Release|Any CPU.Build.0 = Release|Any CPU
	EndGlobalSection
	GlobalSection(SolutionProperties) = preSolution
		HideSolutionNode = FALSE
	EndGlobalSection
	GlobalSection(ExtensibilityGlobals) = postSolution
		SolutionGuid = {37D72DD0-E8B1-403B-B0CD-E5964982FF1B}
	EndGlobalSection
EndGlobal
